
Microsoft Visual Studio Solution File, Format Version 12.00
# Visual Studio Version 17
VisualStudioVersion = 17.3.32929.385
MinimumVisualStudioVersion = 10.0.40219.1
Project("{2150E333-8FDC-42A3-9474-1A3956D46DE8}") = "FrontEnd", "FrontEnd", "{398CB25B-420F-4352-BB3F-B82F0C6B6867}"
EndProject
Project("{2150E333-8FDC-42A3-9474-1A3956D46DE8}") = "service", "service", "{E8464226-4FDA-4AAC-91FC-503FF08DDD75}"
EndProject
Project("{9A19103F-16F7-4668-BE54-9A1E7A4F7556}") = "SkinCare.Web", "SkinCare.Web\SkinCare.Web.csproj", "{427E068D-EFB3-4933-9E3E-03999C80E719}"
EndProject
Project("{9A19103F-16F7-4668-BE54-9A1E7A4F7556}") = "SkinCareEcommerce.Service.ProductAPI", "SkinCareEcommerce.Service.ProductAPI\SkinCareEcommerce.Service.ProductAPI.csproj", "{D474CCA7-B094-4E1D-BACC-AA231FB2D448}"
EndProject
Global
	GlobalSection(SolutionConfigurationPlatforms) = preSolution
		Debug|Any CPU = Debug|Any CPU
		Release|Any CPU = Release|Any CPU
	EndGlobalSection
	GlobalSection(ProjectConfigurationPlatforms) = postSolution
		{427E068D-EFB3-4933-9E3E-03999C80E719}.Debug|Any CPU.ActiveCfg = Debug|Any CPU
		{427E068D-EFB3-4933-9E3E-03999C80E719}.Debug|Any CPU.Build.0 = Debug|Any CPU
		{427E068D-EFB3-4933-9E3E-03999C80E719}.Release|Any CPU.ActiveCfg = Release|Any CPU
		{427E068D-EFB3-4933-9E3E-03999C80E719}.Release|Any CPU.Build.0 = Release|Any CPU
		{D474CCA7-B094-4E1D-BACC-AA231FB2D448}.Debug|Any CPU.ActiveCfg = Debug|Any CPU
		{D474CCA7-B094-4E1D-BACC-AA231FB2D448}.Debug|Any CPU.Build.0 = Debug|Any CPU
		{D474CCA7-B094-4E1D-BACC-AA231FB2D448}.Release|Any CPU.ActiveCfg = Release|Any CPU
		{D474CCA7-B094-4E1D-BACC-AA231FB2D448}.Release|Any CPU.Build.0 = Release|Any CPU
	EndGlobalSection
	GlobalSection(SolutionProperties) = preSolution
		HideSolutionNode = FALSE
	EndGlobalSection
	GlobalSection(NestedProjects) = preSolution
		{427E068D-EFB3-4933-9E3E-03999C80E719} = {398CB25B-420F-4352-BB3F-B82F0C6B6867}
		{D474CCA7-B094-4E1D-BACC-AA231FB2D448} = {E8464226-4FDA-4AAC-91FC-503FF08DDD75}
	EndGlobalSection
	GlobalSection(ExtensibilityGlobals) = postSolution
		SolutionGuid = {0F17BBFC-8034-424A-B0E2-193D9BCDB6E1}
	EndGlobalSection
EndGlobal
